
Microsoft Visual Studio Solution File, Format Version 12.00
# Visual Studio 15
VisualStudioVersion = 15.0.28010.2050
MinimumVisualStudioVersion = 10.0.40219.1
Project("{9A19103F-16F7-4668-BE54-9A1E7A4F7556}") = "WebApi", "WebApi\WebApi.csproj", "{9ED89023-A33C-444D-9B64-DAC08731FFC9}"
EndProject
Project("{9A19103F-16F7-4668-BE54-9A1E7A4F7556}") = "KinesisDemo", "KinesisDemo\KinesisDemo.csproj", "{0A2ACA6D-FFDA-461D-9C4B-6FD9C77ED981}"
EndProject
Global
	GlobalSection(SolutionConfigurationPlatforms) = preSolution
		Debug|Any CPU = Debug|Any CPU
		Release|Any CPU = Release|Any CPU
	EndGlobalSection
	GlobalSection(ProjectConfigurationPlatforms) = postSolution
		{9ED89023-A33C-444D-9B64-DAC08731FFC9}.Debug|Any CPU.ActiveCfg = Debug|Any CPU
		{9ED89023-A33C-444D-9B64-DAC08731FFC9}.Debug|Any CPU.Build.0 = Debug|Any CPU
		{9ED89023-A33C-444D-9B64-DAC08731FFC9}.Release|Any CPU.ActiveCfg = Release|Any CPU
		{9ED89023-A33C-444D-9B64-DAC08731FFC9}.Release|Any CPU.Build.0 = Release|Any CPU
		{0A2ACA6D-FFDA-461D-9C4B-6FD9C77ED981}.Debug|Any CPU.ActiveCfg = Debug|Any CPU
		{0A2ACA6D-FFDA-461D-9C4B-6FD9C77ED981}.Debug|Any CPU.Build.0 = Debug|Any CPU
		{0A2ACA6D-FFDA-461D-9C4B-6FD9C77ED981}.Release|Any CPU.ActiveCfg = Release|Any CPU
		{0A2ACA6D-FFDA-461D-9C4B-6FD9C77ED981}.Release|Any CPU.Build.0 = Release|Any CPU
	EndGlobalSection
	GlobalSection(SolutionProperties) = preSolution
		HideSolutionNode = FALSE
	EndGlobalSection
	GlobalSection(ExtensibilityGlobals) = postSolution
		SolutionGuid = {EBE893D9-5485-4F6A-A280-818A8663A22C}
	EndGlobalSection
EndGlobal
